
Microsoft Visual Studio Solution File, Format Version 12.00
# Visual Studio Version 17
VisualStudioVersion = 17.8.34302.71
MinimumVisualStudioVersion = 10.0.40219.1
Project("{9A19103F-16F7-4668-BE54-9A1E7A4F7556}") = "EmissionWiz.API", "EmissionWiz.API\EmissionWiz.API.csproj", "{39603E4A-1AF9-45E3-87B8-39225DF04AE6}"
EndProject
Project("{54A90642-561A-4BB1-A94E-469ADEE60C69}") = "EmissionWiz.Client", "EmissionWiz.Client\EmissionWiz.Client.esproj", "{725AF914-F20A-4578-9412-70D51F35495A}"
EndProject
Project("{9A19103F-16F7-4668-BE54-9A1E7A4F7556}") = "EmissionWiz.Logic", "EmissionWiz.Logic\EmissionWiz.Logic.csproj", "{F993259C-060D-46F6-84D8-090A2C8CF88E}"
EndProject
Project("{9A19103F-16F7-4668-BE54-9A1E7A4F7556}") = "EmissionWiz.Models", "EmissionWiz.Models\EmissionWiz.Models.csproj", "{467569AD-2F53-42F2-8737-8DE12F04D7EF}"
EndProject
Global
	GlobalSection(SolutionConfigurationPlatforms) = preSolution
		Debug|Any CPU = Debug|Any CPU
		Release|Any CPU = Release|Any CPU
	EndGlobalSection
	GlobalSection(ProjectConfigurationPlatforms) = postSolution
		{39603E4A-1AF9-45E3-87B8-39225DF04AE6}.Debug|Any CPU.ActiveCfg = Debug|Any CPU
		{39603E4A-1AF9-45E3-87B8-39225DF04AE6}.Debug|Any CPU.Build.0 = Debug|Any CPU
		{39603E4A-1AF9-45E3-87B8-39225DF04AE6}.Release|Any CPU.ActiveCfg = Release|Any CPU
		{39603E4A-1AF9-45E3-87B8-39225DF04AE6}.Release|Any CPU.Build.0 = Release|Any CPU
		{725AF914-F20A-4578-9412-70D51F35495A}.Debug|Any CPU.ActiveCfg = Debug|Any CPU
		{725AF914-F20A-4578-9412-70D51F35495A}.Debug|Any CPU.Build.0 = Debug|Any CPU
		{725AF914-F20A-4578-9412-70D51F35495A}.Debug|Any CPU.Deploy.0 = Debug|Any CPU
		{725AF914-F20A-4578-9412-70D51F35495A}.Release|Any CPU.ActiveCfg = Release|Any CPU
		{725AF914-F20A-4578-9412-70D51F35495A}.Release|Any CPU.Build.0 = Release|Any CPU
		{725AF914-F20A-4578-9412-70D51F35495A}.Release|Any CPU.Deploy.0 = Release|Any CPU
		{F993259C-060D-46F6-84D8-090A2C8CF88E}.Debug|Any CPU.ActiveCfg = Debug|Any CPU
		{F993259C-060D-46F6-84D8-090A2C8CF88E}.Debug|Any CPU.Build.0 = Debug|Any CPU
		{F993259C-060D-46F6-84D8-090A2C8CF88E}.Release|Any CPU.ActiveCfg = Release|Any CPU
		{F993259C-060D-46F6-84D8-090A2C8CF88E}.Release|Any CPU.Build.0 = Release|Any CPU
		{467569AD-2F53-42F2-8737-8DE12F04D7EF}.Debug|Any CPU.ActiveCfg = Debug|Any CPU
		{467569AD-2F53-42F2-8737-8DE12F04D7EF}.Debug|Any CPU.Build.0 = Debug|Any CPU
		{467569AD-2F53-42F2-8737-8DE12F04D7EF}.Release|Any CPU.ActiveCfg = Release|Any CPU
		{467569AD-2F53-42F2-8737-8DE12F04D7EF}.Release|Any CPU.Build.0 = Release|Any CPU
	EndGlobalSection
	GlobalSection(SolutionProperties) = preSolution
		HideSolutionNode = FALSE
	EndGlobalSection
	GlobalSection(ExtensibilityGlobals) = postSolution
		SolutionGuid = {96D08C6F-64D7-4A2D-8AAE-5E63433725A8}
	EndGlobalSection
EndGlobal
